
Microsoft Visual Studio Solution File, Format Version 12.00
# Visual Studio 2012
Project("{2150E333-8FDC-42A3-9474-1A3956D46DE8}") = "Solution Items", "Solution Items", "{305323C8-D8C5-4F2E-84D5-599040BF0243}"
	ProjectSection(SolutionItems) = preProject
		index.html = index.html
	EndProjectSection
EndProject
Project("{E24C65DC-7377-472B-9ABA-BC803B73C61A}") = "enceradeira.github.io", ".", "{27E5AFF3-A789-4120-A609-124C5B2901B5}"
	ProjectSection(WebsiteProperties) = preProject
		TargetFrameworkMoniker = ".NETFramework,Version%3Dv4.0"
		Debug.AspNetCompiler.VirtualPath = "/enceradeira.github.io"
		Debug.AspNetCompiler.PhysicalPath = "..\enceradeira.github.io\"
		Debug.AspNetCompiler.TargetPath = "PrecompiledWeb\enceradeira.github.io\"
		Debug.AspNetCompiler.Updateable = "true"
		Debug.AspNetCompiler.ForceOverwrite = "true"
		Debug.AspNetCompiler.FixedNames = "false"
		Debug.AspNetCompiler.Debug = "True"
		Release.AspNetCompiler.VirtualPath = "/enceradeira.github.io"
		Release.AspNetCompiler.PhysicalPath = "..\enceradeira.github.io\"
		Release.AspNetCompiler.TargetPath = "PrecompiledWeb\enceradeira.github.io\"
		Release.AspNetCompiler.Updateable = "true"
		Release.AspNetCompiler.ForceOverwrite = "true"
		Release.AspNetCompiler.FixedNames = "false"
		Release.AspNetCompiler.Debug = "False"
		VWDPort = "52224"
	EndProjectSection
EndProject
Global
	GlobalSection(SolutionConfigurationPlatforms) = preSolution
		Debug|Any CPU = Debug|Any CPU
	EndGlobalSection
	GlobalSection(ProjectConfigurationPlatforms) = postSolution
		{27E5AFF3-A789-4120-A609-124C5B2901B5}.Debug|Any CPU.ActiveCfg = Debug|Any CPU
		{27E5AFF3-A789-4120-A609-124C5B2901B5}.Debug|Any CPU.Build.0 = Debug|Any CPU
	EndGlobalSection
	GlobalSection(SolutionProperties) = preSolution
		HideSolutionNode = FALSE
	EndGlobalSection
EndGlobal
